
Microsoft Visual Studio Solution File, Format Version 12.00
# Visual Studio 15
VisualStudioVersion = 15.0.28010.2048
MinimumVisualStudioVersion = 10.0.40219.1
Project("{FAE04EC0-301F-11D3-BF4B-00C04F79EFBC}") = "Task_01", "Task_01\Task_01.csproj", "{F393073E-3739-4720-962F-49A0C8503DCC}"
EndProject
Project("{FAE04EC0-301F-11D3-BF4B-00C04F79EFBC}") = "Task_02", "Task_02\Task_02.csproj", "{79D76B20-5DA2-4796-A1EF-94F22723F664}"
EndProject
Project("{FAE04EC0-301F-11D3-BF4B-00C04F79EFBC}") = "Task_03", "Task_03\Task_03.csproj", "{9FD3B7F3-CFC0-4852-B10E-EC0C87E86953}"
EndProject
Project("{FAE04EC0-301F-11D3-BF4B-00C04F79EFBC}") = "Task_04", "Task_04\Task_04.csproj", "{A2FC5395-3155-4B26-A3D6-26D1B7CD2A66}"
EndProject
Project("{FAE04EC0-301F-11D3-BF4B-00C04F79EFBC}") = "Task_05", "Task_05\Task_05.csproj", "{5528897E-5BB2-4CCB-BCC1-887843B3C55D}"
EndProject
Project("{FAE04EC0-301F-11D3-BF4B-00C04F79EFBC}") = "Task_06", "Task_06\Task_06.csproj", "{557F5B2F-094D-4AAA-B62F-F24ADE2CD941}"
EndProject
Project("{FAE04EC0-301F-11D3-BF4B-00C04F79EFBC}") = "Task_07", "Task_07\Task_07.csproj", "{BBE415CF-5C52-4E3B-9F5D-E4E7DE57D347}"
EndProject
Project("{FAE04EC0-301F-11D3-BF4B-00C04F79EFBC}") = "Task_08", "Task_8\Task_08.csproj", "{8D81272A-46BB-4654-9A8E-A467739256A6}"
EndProject
Project("{FAE04EC0-301F-11D3-BF4B-00C04F79EFBC}") = "Task_09", "Task_09\Task_09.csproj", "{63A5A5D1-6711-414C-81F7-09BFDB5561E2}"
EndProject
Project("{FAE04EC0-301F-11D3-BF4B-00C04F79EFBC}") = "Task_10", "Task_10\Task_10.csproj", "{0B8FAC6D-06D1-471D-B459-9EF628774A71}"
EndProject
Project("{FAE04EC0-301F-11D3-BF4B-00C04F79EFBC}") = "Task_11", "Task_11\Task_11.csproj", "{3AFB12B3-43A6-44E2-B33D-BB9E86026C06}"
EndProject
Project("{FAE04EC0-301F-11D3-BF4B-00C04F79EFBC}") = "Task_12", "Task_12\Task_12.csproj", "{B91EFACB-D867-42FE-90B0-5F57579491AA}"
EndProject
Project("{FAE04EC0-301F-11D3-BF4B-00C04F79EFBC}") = "Task_13", "Task_13\Task_13.csproj", "{36E25483-041F-4D20-B74B-B0DD80AF80F5}"
EndProject
Project("{FAE04EC0-301F-11D3-BF4B-00C04F79EFBC}") = "Task_14", "Task_14\Task_14.csproj", "{E10776DB-411E-4430-A746-26945B48B0C9}"
EndProject
Project("{FAE04EC0-301F-11D3-BF4B-00C04F79EFBC}") = "Task_15", "Task_15\Task_15.csproj", "{2657644B-0648-4A15-8B86-B7D8ED51522E}"
EndProject
Global
	GlobalSection(SolutionConfigurationPlatforms) = preSolution
		Debug|Any CPU = Debug|Any CPU
		Release|Any CPU = Release|Any CPU
	EndGlobalSection
	GlobalSection(ProjectConfigurationPlatforms) = postSolution
		{F393073E-3739-4720-962F-49A0C8503DCC}.Debug|Any CPU.ActiveCfg = Debug|Any CPU
		{F393073E-3739-4720-962F-49A0C8503DCC}.Debug|Any CPU.Build.0 = Debug|Any CPU
		{F393073E-3739-4720-962F-49A0C8503DCC}.Release|Any CPU.ActiveCfg = Release|Any CPU
		{F393073E-3739-4720-962F-49A0C8503DCC}.Release|Any CPU.Build.0 = Release|Any CPU
		{79D76B20-5DA2-4796-A1EF-94F22723F664}.Debug|Any CPU.ActiveCfg = Debug|Any CPU
		{79D76B20-5DA2-4796-A1EF-94F22723F664}.Debug|Any CPU.Build.0 = Debug|Any CPU
		{79D76B20-5DA2-4796-A1EF-94F22723F664}.Release|Any CPU.ActiveCfg = Release|Any CPU
		{79D76B20-5DA2-4796-A1EF-94F22723F664}.Release|Any CPU.Build.0 = Release|Any CPU
		{9FD3B7F3-CFC0-4852-B10E-EC0C87E86953}.Debug|Any CPU.ActiveCfg = Debug|Any CPU
		{9FD3B7F3-CFC0-4852-B10E-EC0C87E86953}.Debug|Any CPU.Build.0 = Debug|Any CPU
		{9FD3B7F3-CFC0-4852-B10E-EC0C87E86953}.Release|Any CPU.ActiveCfg = Release|Any CPU
		{9FD3B7F3-CFC0-4852-B10E-EC0C87E86953}.Release|Any CPU.Build.0 = Release|Any CPU
		{A2FC5395-3155-4B26-A3D6-26D1B7CD2A66}.Debug|Any CPU.ActiveCfg = Debug|Any CPU
		{A2FC5395-3155-4B26-A3D6-26D1B7CD2A66}.Debug|Any CPU.Build.0 = Debug|Any CPU
		{A2FC5395-3155-4B26-A3D6-26D1B7CD2A66}.Release|Any CPU.ActiveCfg = Release|Any CPU
		{A2FC5395-3155-4B26-A3D6-26D1B7CD2A66}.Release|Any CPU.Build.0 = Release|Any CPU
		{5528897E-5BB2-4CCB-BCC1-887843B3C55D}.Debug|Any CPU.ActiveCfg = Debug|Any CPU
		{5528897E-5BB2-4CCB-BCC1-887843B3C55D}.Debug|Any CPU.Build.0 = Debug|Any CPU
		{5528897E-5BB2-4CCB-BCC1-887843B3C55D}.Release|Any CPU.ActiveCfg = Release|Any CPU
		{5528897E-5BB2-4CCB-BCC1-887843B3C55D}.Release|Any CPU.Build.0 = Release|Any CPU
		{557F5B2F-094D-4AAA-B62F-F24ADE2CD941}.Debug|Any CPU.ActiveCfg = Debug|Any CPU
		{557F5B2F-094D-4AAA-B62F-F24ADE2CD941}.Debug|Any CPU.Build.0 = Debug|Any CPU
		{557F5B2F-094D-4AAA-B62F-F24ADE2CD941}.Release|Any CPU.ActiveCfg = Release|Any CPU
		{557F5B2F-094D-4AAA-B62F-F24ADE2CD941}.Release|Any CPU.Build.0 = Release|Any CPU
		{BBE415CF-5C52-4E3B-9F5D-E4E7DE57D347}.Debug|Any CPU.ActiveCfg = Debug|Any CPU
		{BBE415CF-5C52-4E3B-9F5D-E4E7DE57D347}.Debug|Any CPU.Build.0 = Debug|Any CPU
		{BBE415CF-5C52-4E3B-9F5D-E4E7DE57D347}.Release|Any CPU.ActiveCfg = Release|Any CPU
		{BBE415CF-5C52-4E3B-9F5D-E4E7DE57D347}.Release|Any CPU.Build.0 = Release|Any CPU
		{8D81272A-46BB-4654-9A8E-A467739256A6}.Debug|Any CPU.ActiveCfg = Debug|Any CPU
		{8D81272A-46BB-4654-9A8E-A467739256A6}.Debug|Any CPU.Build.0 = Debug|Any CPU
		{8D81272A-46BB-4654-9A8E-A467739256A6}.Release|Any CPU.ActiveCfg = Release|Any CPU
		{8D81272A-46BB-4654-9A8E-A467739256A6}.Release|Any CPU.Build.0 = Release|Any CPU
		{63A5A5D1-6711-414C-81F7-09BFDB5561E2}.Debug|Any CPU.ActiveCfg = Debug|Any CPU
		{63A5A5D1-6711-414C-81F7-09BFDB5561E2}.Debug|Any CPU.Build.0 = Debug|Any CPU
		{63A5A5D1-6711-414C-81F7-09BFDB5561E2}.Release|Any CPU.ActiveCfg = Release|Any CPU
		{63A5A5D1-6711-414C-81F7-09BFDB5561E2}.Release|Any CPU.Build.0 = Release|Any CPU
		{0B8FAC6D-06D1-471D-B459-9EF628774A71}.Debug|Any CPU.ActiveCfg = Debug|Any CPU
		{0B8FAC6D-06D1-471D-B459-9EF628774A71}.Debug|Any CPU.Build.0 = Debug|Any CPU
		{0B8FAC6D-06D1-471D-B459-9EF628774A71}.Release|Any CPU.ActiveCfg = Release|Any CPU
		{0B8FAC6D-06D1-471D-B459-9EF628774A71}.Release|Any CPU.Build.0 = Release|Any CPU
		{3AFB12B3-43A6-44E2-B33D-BB9E86026C06}.Debug|Any CPU.ActiveCfg = Debug|Any CPU
		{3AFB12B3-43A6-44E2-B33D-BB9E86026C06}.Debug|Any CPU.Build.0 = Debug|Any CPU
		{3AFB12B3-43A6-44E2-B33D-BB9E86026C06}.Release|Any CPU.ActiveCfg = Release|Any CPU
		{3AFB12B3-43A6-44E2-B33D-BB9E86026C06}.Release|Any CPU.Build.0 = Release|Any CPU
		{B91EFACB-D867-42FE-90B0-5F57579491AA}.Debug|Any CPU.ActiveCfg = Debug|Any CPU
		{B91EFACB-D867-42FE-90B0-5F57579491AA}.Debug|Any CPU.Build.0 = Debug|Any CPU
		{B91EFACB-D867-42FE-90B0-5F57579491AA}.Release|Any CPU.ActiveCfg = Release|Any CPU
		{B91EFACB-D867-42FE-90B0-5F57579491AA}.Release|Any CPU.Build.0 = Release|Any CPU
		{36E25483-041F-4D20-B74B-B0DD80AF80F5}.Debug|Any CPU.ActiveCfg = Debug|Any CPU
		{36E25483-041F-4D20-B74B-B0DD80AF80F5}.Debug|Any CPU.Build.0 = Debug|Any CPU
		{36E25483-041F-4D20-B74B-B0DD80AF80F5}.Release|Any CPU.ActiveCfg = Release|Any CPU
		{36E25483-041F-4D20-B74B-B0DD80AF80F5}.Release|Any CPU.Build.0 = Release|Any CPU
		{E10776DB-411E-4430-A746-26945B48B0C9}.Debug|Any CPU.ActiveCfg = Debug|Any CPU
		{E10776DB-411E-4430-A746-26945B48B0C9}.Debug|Any CPU.Build.0 = Debug|Any CPU
		{E10776DB-411E-4430-A746-26945B48B0C9}.Release|Any CPU.ActiveCfg = Release|Any CPU
		{E10776DB-411E-4430-A746-26945B48B0C9}.Release|Any CPU.Build.0 = Release|Any CPU
		{2657644B-0648-4A15-8B86-B7D8ED51522E}.Debug|Any CPU.ActiveCfg = Debug|Any CPU
		{2657644B-0648-4A15-8B86-B7D8ED51522E}.Debug|Any CPU.Build.0 = Debug|Any CPU
		{2657644B-0648-4A15-8B86-B7D8ED51522E}.Release|Any CPU.ActiveCfg = Release|Any CPU
		{2657644B-0648-4A15-8B86-B7D8ED51522E}.Release|Any CPU.Build.0 = Release|Any CPU
	EndGlobalSection
	GlobalSection(SolutionProperties) = preSolution
		HideSolutionNode = FALSE
	EndGlobalSection
	GlobalSection(ExtensibilityGlobals) = postSolution
		SolutionGuid = {06CFBC9C-D70A-4A1E-9630-CC087C8F01B4}
	EndGlobalSection
EndGlobal
